
Microsoft Visual Studio Solution File, Format Version 12.00
# Visual Studio Version 17
VisualStudioVersion = 17.7.34003.232
MinimumVisualStudioVersion = 10.0.40219.1
Project("{FAE04EC0-301F-11D3-BF4B-00C04F79EFBC}") = "WebPushDemo", "WebPushDemo.csproj", "{C8ED6DD2-6115-4CE9-A6A7-4C4D32EAC6E1}"
EndProject
Global
	GlobalSection(SolutionConfigurationPlatforms) = preSolution
		Debug|Any CPU = Debug|Any CPU
		Release|Any CPU = Release|Any CPU
	EndGlobalSection
	GlobalSection(ProjectConfigurationPlatforms) = postSolution
		{C8ED6DD2-6115-4CE9-A6A7-4C4D32EAC6E1}.Debug|Any CPU.ActiveCfg = Debug|Any CPU
		{C8ED6DD2-6115-4CE9-A6A7-4C4D32EAC6E1}.Debug|Any CPU.Build.0 = Debug|Any CPU
		{C8ED6DD2-6115-4CE9-A6A7-4C4D32EAC6E1}.Release|Any CPU.ActiveCfg = Release|Any CPU
		{C8ED6DD2-6115-4CE9-A6A7-4C4D32EAC6E1}.Release|Any CPU.Build.0 = Release|Any CPU
	EndGlobalSection
	GlobalSection(SolutionProperties) = preSolution
		HideSolutionNode = FALSE
	EndGlobalSection
	GlobalSection(ExtensibilityGlobals) = postSolution
		SolutionGuid = {BB9BA7B1-DB63-4E0B-973C-92BDE4E7626A}
	EndGlobalSection
EndGlobal
